
Microsoft Visual Studio Solution File, Format Version 12.00
# Visual Studio Version 16
VisualStudioVersion = 16.0.31205.134
MinimumVisualStudioVersion = 10.0.40219.1
Project("{FAE04EC0-301F-11D3-BF4B-00C04F79EFBC}") = "ProyectoPOOxBDD", "ProyectoPOOxBDD.csproj", "{9588AB0C-1EB1-4F6D-9890-2692184329C6}"
EndProject
Global
	GlobalSection(SolutionConfigurationPlatforms) = preSolution
		Debug|Any CPU = Debug|Any CPU
		Release|Any CPU = Release|Any CPU
	EndGlobalSection
	GlobalSection(ProjectConfigurationPlatforms) = postSolution
		{9588AB0C-1EB1-4F6D-9890-2692184329C6}.Debug|Any CPU.ActiveCfg = Debug|Any CPU
		{9588AB0C-1EB1-4F6D-9890-2692184329C6}.Debug|Any CPU.Build.0 = Debug|Any CPU
		{9588AB0C-1EB1-4F6D-9890-2692184329C6}.Release|Any CPU.ActiveCfg = Release|Any CPU
		{9588AB0C-1EB1-4F6D-9890-2692184329C6}.Release|Any CPU.Build.0 = Release|Any CPU
	EndGlobalSection
	GlobalSection(SolutionProperties) = preSolution
		HideSolutionNode = FALSE
	EndGlobalSection
	GlobalSection(ExtensibilityGlobals) = postSolution
		SolutionGuid = {412DB404-3A0B-46CF-9469-A285E4DFF4B1}
	EndGlobalSection
EndGlobal
